// !$*UTF8*$!
{
	archiveVersion = 1;
	classes = {
	};
	objectVersion = 50;
	objects = {

/* Begin PBXBuildFile section */
		4D93EA922451D8A700D8B42A /* PersistenceManager.swift in Sources */ = {isa = PBXBuildFile; fileRef = 4D93EA912451D8A700D8B42A /* PersistenceManager.swift */; };
		4DCAD7F12458DBE300669C45 /* GFDataLoadingViewController.swift in Sources */ = {isa = PBXBuildFile; fileRef = 4DCAD7F02458DBE300669C45 /* GFDataLoadingViewController.swift */; };
		600101C723C0C11D001BE72E /* AppDelegate.swift in Sources */ = {isa = PBXBuildFile; fileRef = 600101C623C0C11D001BE72E /* AppDelegate.swift */; };
		600101C923C0C11D001BE72E /* SceneDelegate.swift in Sources */ = {isa = PBXBuildFile; fileRef = 600101C823C0C11D001BE72E /* SceneDelegate.swift */; };
		600101D023C0C122001BE72E /* Assets.xcassets in Resources */ = {isa = PBXBuildFile; fileRef = 600101CF23C0C122001BE72E /* Assets.xcassets */; };
		600101D323C0C122001BE72E /* LaunchScreen.storyboard in Resources */ = {isa = PBXBuildFile; fileRef = 600101D123C0C122001BE72E /* LaunchScreen.storyboard */; };
		600101DB23C0C697001BE72E /* SearchViewController.swift in Sources */ = {isa = PBXBuildFile; fileRef = 600101DA23C0C697001BE72E /* SearchViewController.swift */; };
		600101DD23C0C6D6001BE72E /* FavoritesViewController.swift in Sources */ = {isa = PBXBuildFile; fileRef = 600101DC23C0C6D6001BE72E /* FavoritesViewController.swift */; };
		600101DF23C0CABE001BE72E /* GFButton.swift in Sources */ = {isa = PBXBuildFile; fileRef = 600101DE23C0CABE001BE72E /* GFButton.swift */; };
		600101E123C0CF06001BE72E /* GFTextField.swift in Sources */ = {isa = PBXBuildFile; fileRef = 600101E023C0CF06001BE72E /* GFTextField.swift */; };
		600101E323C0DBB1001BE72E /* FollowerListViewController.swift in Sources */ = {isa = PBXBuildFile; fileRef = 600101E223C0DBB1001BE72E /* FollowerListViewController.swift */; };
		600101E523C0F210001BE72E /* GFTitleLabel.swift in Sources */ = {isa = PBXBuildFile; fileRef = 600101E423C0F210001BE72E /* GFTitleLabel.swift */; };
		6007B61C24523EA70018FED1 /* FavoriteCell.swift in Sources */ = {isa = PBXBuildFile; fileRef = 6007B61B24523EA70018FED1 /* FavoriteCell.swift */; };
		6007B61F24524C520018FED1 /* GFTabBarController.swift in Sources */ = {isa = PBXBuildFile; fileRef = 6007B61E24524C520018FED1 /* GFTabBarController.swift */; };
		600BC9E123CBCB7300814DAE /* UIHelper.swift in Sources */ = {isa = PBXBuildFile; fileRef = 600BC9E023CBCB7300814DAE /* UIHelper.swift */; };
		600BC9E923CD1F0900814DAE /* GFEmptyStateView.swift in Sources */ = {isa = PBXBuildFile; fileRef = 600BC9E823CD1F0900814DAE /* GFEmptyStateView.swift */; };
		602B23F723EC494200130573 /* GFUserInfoHeaderViewController.swift in Sources */ = {isa = PBXBuildFile; fileRef = 602B23F623EC494200130573 /* GFUserInfoHeaderViewController.swift */; };
		602B23F923EC49AC00130573 /* GFSecondaryTitleLabel.swift in Sources */ = {isa = PBXBuildFile; fileRef = 602B23F823EC49AC00130573 /* GFSecondaryTitleLabel.swift */; };
		602B23FB23EC4FE700130573 /* Constants.swift in Sources */ = {isa = PBXBuildFile; fileRef = 602B23FA23EC4FE700130573 /* Constants.swift */; };
		602B23FD23EDA2BE00130573 /* GFItemInfoView.swift in Sources */ = {isa = PBXBuildFile; fileRef = 602B23FC23EDA2BE00130573 /* GFItemInfoView.swift */; };
		60365B9E23C39D7B0026CC34 /* GFBodyLabel.swift in Sources */ = {isa = PBXBuildFile; fileRef = 60365B9D23C39D7B0026CC34 /* GFBodyLabel.swift */; };
		60365BA023C39E270026CC34 /* GFAlertViewController.swift in Sources */ = {isa = PBXBuildFile; fileRef = 60365B9F23C39E270026CC34 /* GFAlertViewController.swift */; };
		60365BA223C3A5610026CC34 /* UIViewController+Ext.swift in Sources */ = {isa = PBXBuildFile; fileRef = 60365BA123C3A5610026CC34 /* UIViewController+Ext.swift */; };
		60365BA823C3ACBE0026CC34 /* GFAlertContainerView.swift in Sources */ = {isa = PBXBuildFile; fileRef = 60365BA723C3ACBE0026CC34 /* GFAlertContainerView.swift */; };
		60365BAB23C3B4EB0026CC34 /* Follower.swift in Sources */ = {isa = PBXBuildFile; fileRef = 60365BAA23C3B4EB0026CC34 /* Follower.swift */; };
		60365BAD23C3B75B0026CC34 /* User.swift in Sources */ = {isa = PBXBuildFile; fileRef = 60365BAC23C3B75B0026CC34 /* User.swift */; };
		605FFB6C23CA8F5000F8B0F6 /* FollowerCell.swift in Sources */ = {isa = PBXBuildFile; fileRef = 605FFB6B23CA8F5000F8B0F6 /* FollowerCell.swift */; };
		605FFB6E23CA8FD700F8B0F6 /* GFAvatarImageView.swift in Sources */ = {isa = PBXBuildFile; fileRef = 605FFB6D23CA8FD700F8B0F6 /* GFAvatarImageView.swift */; };
		60601DF02442670F00F20B28 /* GFRepoItemViewController.swift in Sources */ = {isa = PBXBuildFile; fileRef = 60601DEF2442670F00F20B28 /* GFRepoItemViewController.swift */; };
		60601DF4244267A300F20B28 /* GFItemInfoViewController.swift in Sources */ = {isa = PBXBuildFile; fileRef = 60601DF3244267A300F20B28 /* GFItemInfoViewController.swift */; };
		60831F4E23CE5C6C0041E820 /* UserInfoViewController.swift in Sources */ = {isa = PBXBuildFile; fileRef = 60831F4D23CE5C6C0041E820 /* UserInfoViewController.swift */; };
		608E0821244F937B00E8FB9B /* GFFollowerItemInfoViewController.swift in Sources */ = {isa = PBXBuildFile; fileRef = 608E0820244F937B00E8FB9B /* GFFollowerItemInfoViewController.swift */; };
		60BA890823C3BF6800956831 /* NetworkManager.swift in Sources */ = {isa = PBXBuildFile; fileRef = 60BA890723C3BF6800956831 /* NetworkManager.swift */; };
		60BA890B23C5284F00956831 /* GFError.swift in Sources */ = {isa = PBXBuildFile; fileRef = 60BA890A23C5284F00956831 /* GFError.swift */; };
		60FE5B29244F97BF00F4CDE9 /* Date+Ext.swift in Sources */ = {isa = PBXBuildFile; fileRef = 60FE5B28244F97BF00F4CDE9 /* Date+Ext.swift */; };
/* End PBXBuildFile section */

/* Begin PBXFileReference section */
		4D93EA912451D8A700D8B42A /* PersistenceManager.swift */ = {isa = PBXFileReference; lastKnownFileType = sourcecode.swift; path = PersistenceManager.swift; sourceTree = "<group>"; };
		4DCAD7F02458DBE300669C45 /* GFDataLoadingViewController.swift */ = {isa = PBXFileReference; lastKnownFileType = sourcecode.swift; path = GFDataLoadingViewController.swift; sourceTree = "<group>"; };
		600101C323C0C11D001BE72E /* github-followers.app */ = {isa = PBXFileReference; explicitFileType = wrapper.application; includeInIndex = 0; path = "github-followers.app"; sourceTree = BUILT_PRODUCTS_DIR; };
		600101C623C0C11D001BE72E /* AppDelegate.swift */ = {isa = PBXFileReference; lastKnownFileType = sourcecode.swift; path = AppDelegate.swift; sourceTree = "<group>"; };
		600101C823C0C11D001BE72E /* SceneDelegate.swift */ = {isa = PBXFileReference; lastKnownFileType = sourcecode.swift; path = SceneDelegate.swift; sourceTree = "<group>"; };
		600101CF23C0C122001BE72E /* Assets.xcassets */ = {isa = PBXFileReference; lastKnownFileType = folder.assetcatalog; path = Assets.xcassets; sourceTree = "<group>"; };
		600101D223C0C122001BE72E /* Base */ = {isa = PBXFileReference; lastKnownFileType = file.storyboard; name = Base; path = Base.lproj/LaunchScreen.storyboard; sourceTree = "<group>"; };
		600101D423C0C122001BE72E /* Info.plist */ = {isa = PBXFileReference; lastKnownFileType = text.plist.xml; path = Info.plist; sourceTree = "<group>"; };
		600101DA23C0C697001BE72E /* SearchViewController.swift */ = {isa = PBXFileReference; lastKnownFileType = sourcecode.swift; path = SearchViewController.swift; sourceTree = "<group>"; };
		600101DC23C0C6D6001BE72E /* FavoritesViewController.swift */ = {isa = PBXFileReference; lastKnownFileType = sourcecode.swift; path = FavoritesViewController.swift; sourceTree = "<group>"; };
		600101DE23C0CABE001BE72E /* GFButton.swift */ = {isa = PBXFileReference; lastKnownFileType = sourcecode.swift; path = GFButton.swift; sourceTree = "<group>"; };
		600101E023C0CF06001BE72E /* GFTextField.swift */ = {isa = PBXFileReference; lastKnownFileType = sourcecode.swift; path = GFTextField.swift; sourceTree = "<group>"; };
		600101E223C0DBB1001BE72E /* FollowerListViewController.swift */ = {isa = PBXFileReference; lastKnownFileType = sourcecode.swift; path = FollowerListViewController.swift; sourceTree = "<group>"; };
		600101E423C0F210001BE72E /* GFTitleLabel.swift */ = {isa = PBXFileReference; lastKnownFileType = sourcecode.swift; path = GFTitleLabel.swift; sourceTree = "<group>"; };
		6007B61B24523EA70018FED1 /* FavoriteCell.swift */ = {isa = PBXFileReference; lastKnownFileType = sourcecode.swift; path = FavoriteCell.swift; sourceTree = "<group>"; };
		6007B61E24524C520018FED1 /* GFTabBarController.swift */ = {isa = PBXFileReference; lastKnownFileType = sourcecode.swift; path = GFTabBarController.swift; sourceTree = "<group>"; };
		600BC9E023CBCB7300814DAE /* UIHelper.swift */ = {isa = PBXFileReference; lastKnownFileType = sourcecode.swift; path = UIHelper.swift; sourceTree = "<group>"; };
		600BC9E823CD1F0900814DAE /* GFEmptyStateView.swift */ = {isa = PBXFileReference; lastKnownFileType = sourcecode.swift; path = GFEmptyStateView.swift; sourceTree = "<group>"; };
		602B23F623EC494200130573 /* GFUserInfoHeaderViewController.swift */ = {isa = PBXFileReference; lastKnownFileType = sourcecode.swift; path = GFUserInfoHeaderViewController.swift; sourceTree = "<group>"; };
		602B23F823EC49AC00130573 /* GFSecondaryTitleLabel.swift */ = {isa = PBXFileReference; lastKnownFileType = sourcecode.swift; path = GFSecondaryTitleLabel.swift; sourceTree = "<group>"; };
		602B23FA23EC4FE700130573 /* Constants.swift */ = {isa = PBXFileReference; lastKnownFileType = sourcecode.swift; path = Constants.swift; sourceTree = "<group>"; };
		602B23FC23EDA2BE00130573 /* GFItemInfoView.swift */ = {isa = PBXFileReference; lastKnownFileType = sourcecode.swift; path = GFItemInfoView.swift; sourceTree = "<group>"; };
		60365B9D23C39D7B0026CC34 /* GFBodyLabel.swift */ = {isa = PBXFileReference; lastKnownFileType = sourcecode.swift; path = GFBodyLabel.swift; sourceTree = "<group>"; };
		60365B9F23C39E270026CC34 /* GFAlertViewController.swift */ = {isa = PBXFileReference; lastKnownFileType = sourcecode.swift; path = GFAlertViewController.swift; sourceTree = "<group>"; };
		60365BA123C3A5610026CC34 /* UIViewController+Ext.swift */ = {isa = PBXFileReference; lastKnownFileType = sourcecode.swift; path = "UIViewController+Ext.swift"; sourceTree = "<group>"; };
		60365BA723C3ACBE0026CC34 /* GFAlertContainerView.swift */ = {isa = PBXFileReference; lastKnownFileType = sourcecode.swift; path = GFAlertContainerView.swift; sourceTree = "<group>"; };
		60365BAA23C3B4EB0026CC34 /* Follower.swift */ = {isa = PBXFileReference; lastKnownFileType = sourcecode.swift; path = Follower.swift; sourceTree = "<group>"; };
		60365BAC23C3B75B0026CC34 /* User.swift */ = {isa = PBXFileReference; lastKnownFileType = sourcecode.swift; path = User.swift; sourceTree = "<group>"; };
		605FFB6B23CA8F5000F8B0F6 /* FollowerCell.swift */ = {isa = PBXFileReference; lastKnownFileType = sourcecode.swift; path = FollowerCell.swift; sourceTree = "<group>"; };
		605FFB6D23CA8FD700F8B0F6 /* GFAvatarImageView.swift */ = {isa = PBXFileReference; lastKnownFileType = sourcecode.swift; path = GFAvatarImageView.swift; sourceTree = "<group>"; };
		60601DEF2442670F00F20B28 /* GFRepoItemViewController.swift */ = {isa = PBXFileReference; lastKnownFileType = sourcecode.swift; path = GFRepoItemViewController.swift; sourceTree = "<group>"; };
		60601DF3244267A300F20B28 /* GFItemInfoViewController.swift */ = {isa = PBXFileReference; lastKnownFileType = sourcecode.swift; path = GFItemInfoViewController.swift; sourceTree = "<group>"; };
		60831F4D23CE5C6C0041E820 /* UserInfoViewController.swift */ = {isa = PBXFileReference; lastKnownFileType = sourcecode.swift; path = UserInfoViewController.swift; sourceTree = "<group>"; };
		608E0820244F937B00E8FB9B /* GFFollowerItemInfoViewController.swift */ = {isa = PBXFileReference; lastKnownFileType = sourcecode.swift; path = GFFollowerItemInfoViewController.swift; sourceTree = "<group>"; };
		60BA890723C3BF6800956831 /* NetworkManager.swift */ = {isa = PBXFileReference; lastKnownFileType = sourcecode.swift; path = NetworkManager.swift; sourceTree = "<group>"; };
		60BA890A23C5284F00956831 /* GFError.swift */ = {isa = PBXFileReference; lastKnownFileType = sourcecode.swift; path = GFError.swift; sourceTree = "<group>"; };
		60FE5B28244F97BF00F4CDE9 /* Date+Ext.swift */ = {isa = PBXFileReference; lastKnownFileType = sourcecode.swift; path = "Date+Ext.swift"; sourceTree = "<group>"; };
/* End PBXFileReference section */

/* Begin PBXFrameworksBuildPhase section */
		600101C023C0C11D001BE72E /* Frameworks */ = {
			isa = PBXFrameworksBuildPhase;
			buildActionMask = 2147483647;
			files = (
			);
			runOnlyForDeploymentPostprocessing = 0;
		};
/* End PBXFrameworksBuildPhase section */

/* Begin PBXGroup section */
		600101BA23C0C11D001BE72E = {
			isa = PBXGroup;
			children = (
				600101C523C0C11D001BE72E /* github-followers */,
				600101C423C0C11D001BE72E /* Products */,
			);
			sourceTree = "<group>";
		};
		600101C423C0C11D001BE72E /* Products */ = {
			isa = PBXGroup;
			children = (
				600101C323C0C11D001BE72E /* github-followers.app */,
			);
			name = Products;
			sourceTree = "<group>";
		};
		600101C523C0C11D001BE72E /* github-followers */ = {
			isa = PBXGroup;
			children = (
				60BA890923C5283E00956831 /* Utilities */,
				60BA890623C3BF5E00956831 /* Managers */,
				60365BA923C3B4D90026CC34 /* Model */,
				600101D423C0C122001BE72E /* Info.plist */,
				60365BA623C3AB120026CC34 /* Support */,
				60365BA523C3AAB20026CC34 /* Extensions */,
				60365BA423C3AA830026CC34 /* Custom Views */,
				60365BA323C3AA060026CC34 /* Screens */,
			);
			path = "github-followers";
			sourceTree = "<group>";
		};
		6007B61D24524C280018FED1 /* TabBarControllers */ = {
			isa = PBXGroup;
			children = (
				6007B61E24524C520018FED1 /* GFTabBarController.swift */,
			);
			path = TabBarControllers;
			sourceTree = "<group>";
		};
		600BC9E223CD1E0700814DAE /* Views */ = {
			isa = PBXGroup;
			children = (
				60365BA723C3ACBE0026CC34 /* GFAlertContainerView.swift */,
				600BC9E823CD1F0900814DAE /* GFEmptyStateView.swift */,
				602B23FC23EDA2BE00130573 /* GFItemInfoView.swift */,
			);
			path = Views;
			sourceTree = "<group>";
		};
		600BC9E323CD1E0E00814DAE /* Buttons */ = {
			isa = PBXGroup;
			children = (
				600101DE23C0CABE001BE72E /* GFButton.swift */,
			);
			path = Buttons;
			sourceTree = "<group>";
		};
		600BC9E423CD1E1400814DAE /* TextFields */ = {
			isa = PBXGroup;
			children = (
				600101E023C0CF06001BE72E /* GFTextField.swift */,
			);
			path = TextFields;
			sourceTree = "<group>";
		};
		600BC9E523CD1E1D00814DAE /* ImageViews */ = {
			isa = PBXGroup;
			children = (
				605FFB6D23CA8FD700F8B0F6 /* GFAvatarImageView.swift */,
			);
			path = ImageViews;
			sourceTree = "<group>";
		};
		600BC9E623CD1E2400814DAE /* ViewControllers */ = {
			isa = PBXGroup;
			children = (
				608E0822244F93FB00E8FB9B /* ItemInfoViewControllers */,
				60365B9F23C39E270026CC34 /* GFAlertViewController.swift */,
				602B23F623EC494200130573 /* GFUserInfoHeaderViewController.swift */,
				4DCAD7F02458DBE300669C45 /* GFDataLoadingViewController.swift */,
			);
			path = ViewControllers;
			sourceTree = "<group>";
		};
		600BC9E723CD1E3700814DAE /* Labels */ = {
			isa = PBXGroup;
			children = (
				600101E423C0F210001BE72E /* GFTitleLabel.swift */,
				60365B9D23C39D7B0026CC34 /* GFBodyLabel.swift */,
				602B23F823EC49AC00130573 /* GFSecondaryTitleLabel.swift */,
			);
			path = Labels;
			sourceTree = "<group>";
		};
		60365BA323C3AA060026CC34 /* Screens */ = {
			isa = PBXGroup;
			children = (
				600101DA23C0C697001BE72E /* SearchViewController.swift */,
				600101E223C0DBB1001BE72E /* FollowerListViewController.swift */,
				600101DC23C0C6D6001BE72E /* FavoritesViewController.swift */,
				60831F4D23CE5C6C0041E820 /* UserInfoViewController.swift */,
			);
			path = Screens;
			sourceTree = "<group>";
		};
		60365BA423C3AA830026CC34 /* Custom Views */ = {
			isa = PBXGroup;
			children = (
				6007B61D24524C280018FED1 /* TabBarControllers */,
				600BC9E723CD1E3700814DAE /* Labels */,
				600BC9E623CD1E2400814DAE /* ViewControllers */,
				600BC9E523CD1E1D00814DAE /* ImageViews */,
				600BC9E423CD1E1400814DAE /* TextFields */,
				600BC9E323CD1E0E00814DAE /* Buttons */,
				600BC9E223CD1E0700814DAE /* Views */,
				605FFB6A23CA8F3300F8B0F6 /* Cells */,
			);
			path = "Custom Views";
			sourceTree = "<group>";
		};
		60365BA523C3AAB20026CC34 /* Extensions */ = {
			isa = PBXGroup;
			children = (
				60365BA123C3A5610026CC34 /* UIViewController+Ext.swift */,
				60FE5B28244F97BF00F4CDE9 /* Date+Ext.swift */,
			);
			path = Extensions;
			sourceTree = "<group>";
		};
		60365BA623C3AB120026CC34 /* Support */ = {
			isa = PBXGroup;
			children = (
				600101C623C0C11D001BE72E /* AppDelegate.swift */,
				600101C823C0C11D001BE72E /* SceneDelegate.swift */,
				600101CF23C0C122001BE72E /* Assets.xcassets */,
				600101D123C0C122001BE72E /* LaunchScreen.storyboard */,
			);
			path = Support;
			sourceTree = "<group>";
		};
		60365BA923C3B4D90026CC34 /* Model */ = {
			isa = PBXGroup;
			children = (
				60365BAA23C3B4EB0026CC34 /* Follower.swift */,
				60365BAC23C3B75B0026CC34 /* User.swift */,
			);
			path = Model;
			sourceTree = "<group>";
		};
		605FFB6A23CA8F3300F8B0F6 /* Cells */ = {
			isa = PBXGroup;
			children = (
				605FFB6B23CA8F5000F8B0F6 /* FollowerCell.swift */,
				6007B61B24523EA70018FED1 /* FavoriteCell.swift */,
			);
			path = Cells;
			sourceTree = "<group>";
		};
		608E0822244F93FB00E8FB9B /* ItemInfoViewControllers */ = {
			isa = PBXGroup;
			children = (
				60601DEF2442670F00F20B28 /* GFRepoItemViewController.swift */,
				60601DF3244267A300F20B28 /* GFItemInfoViewController.swift */,
				608E0820244F937B00E8FB9B /* GFFollowerItemInfoViewController.swift */,
			);
			path = ItemInfoViewControllers;
			sourceTree = "<group>";
		};
		60BA890623C3BF5E00956831 /* Managers */ = {
			isa = PBXGroup;
			children = (
				60BA890723C3BF6800956831 /* NetworkManager.swift */,
				4D93EA912451D8A700D8B42A /* PersistenceManager.swift */,
			);
			path = Managers;
			sourceTree = "<group>";
		};
		60BA890923C5283E00956831 /* Utilities */ = {
			isa = PBXGroup;
			children = (
				60BA890A23C5284F00956831 /* GFError.swift */,
				600BC9E023CBCB7300814DAE /* UIHelper.swift */,
				602B23FA23EC4FE700130573 /* Constants.swift */,
			);
			path = Utilities;
			sourceTree = "<group>";
		};
/* End PBXGroup section */

/* Begin PBXNativeTarget section */
		600101C223C0C11D001BE72E /* github-followers */ = {
			isa = PBXNativeTarget;
			buildConfigurationList = 600101D723C0C122001BE72E /* Build configuration list for PBXNativeTarget "github-followers" */;
			buildPhases = (
				600101BF23C0C11D001BE72E /* Sources */,
				600101C023C0C11D001BE72E /* Frameworks */,
				600101C123C0C11D001BE72E /* Resources */,
			);
			buildRules = (
			);
			dependencies = (
			);
			name = "github-followers";
			productName = "github-followers";
			productReference = 600101C323C0C11D001BE72E /* github-followers.app */;
			productType = "com.apple.product-type.application";
		};
/* End PBXNativeTarget section */

/* Begin PBXProject section */
		600101BB23C0C11D001BE72E /* Project object */ = {
			isa = PBXProject;
			attributes = {
				LastSwiftUpdateCheck = 1130;
				LastUpgradeCheck = 1130;
				ORGANIZATIONNAME = "Fedor Valiavko";
				TargetAttributes = {
					600101C223C0C11D001BE72E = {
						CreatedOnToolsVersion = 11.3;
					};
				};
			};
			buildConfigurationList = 600101BE23C0C11D001BE72E /* Build configuration list for PBXProject "github-followers" */;
			compatibilityVersion = "Xcode 9.3";
			developmentRegion = en;
			hasScannedForEncodings = 0;
			knownRegions = (
				en,
				Base,
			);
			mainGroup = 600101BA23C0C11D001BE72E;
			productRefGroup = 600101C423C0C11D001BE72E /* Products */;
			projectDirPath = "";
			projectRoot = "";
			targets = (
				600101C223C0C11D001BE72E /* github-followers */,
			);
		};
/* End PBXProject section */

/* Begin PBXResourcesBuildPhase section */
		600101C123C0C11D001BE72E /* Resources */ = {
			isa = PBXResourcesBuildPhase;
			buildActionMask = 2147483647;
			files = (
				600101D323C0C122001BE72E /* LaunchScreen.storyboard in Resources */,
				600101D023C0C122001BE72E /* Assets.xcassets in Resources */,
			);
			runOnlyForDeploymentPostprocessing = 0;
		};
/* End PBXResourcesBuildPhase section */

/* Begin PBXSourcesBuildPhase section */
		600101BF23C0C11D001BE72E /* Sources */ = {
			isa = PBXSourcesBuildPhase;
			buildActionMask = 2147483647;
			files = (
				60365BA823C3ACBE0026CC34 /* GFAlertContainerView.swift in Sources */,
				60831F4E23CE5C6C0041E820 /* UserInfoViewController.swift in Sources */,
				600101E323C0DBB1001BE72E /* FollowerListViewController.swift in Sources */,
				60365BA223C3A5610026CC34 /* UIViewController+Ext.swift in Sources */,
				600101C723C0C11D001BE72E /* AppDelegate.swift in Sources */,
				600101DF23C0CABE001BE72E /* GFButton.swift in Sources */,
				60601DF02442670F00F20B28 /* GFRepoItemViewController.swift in Sources */,
				600BC9E923CD1F0900814DAE /* GFEmptyStateView.swift in Sources */,
				602B23F923EC49AC00130573 /* GFSecondaryTitleLabel.swift in Sources */,
				600101DB23C0C697001BE72E /* SearchViewController.swift in Sources */,
				60365BAD23C3B75B0026CC34 /* User.swift in Sources */,
				605FFB6C23CA8F5000F8B0F6 /* FollowerCell.swift in Sources */,
				4D93EA922451D8A700D8B42A /* PersistenceManager.swift in Sources */,
				6007B61C24523EA70018FED1 /* FavoriteCell.swift in Sources */,
				605FFB6E23CA8FD700F8B0F6 /* GFAvatarImageView.swift in Sources */,
				60365BA023C39E270026CC34 /* GFAlertViewController.swift in Sources */,
				60365BAB23C3B4EB0026CC34 /* Follower.swift in Sources */,
				600101DD23C0C6D6001BE72E /* FavoritesViewController.swift in Sources */,
				600101E523C0F210001BE72E /* GFTitleLabel.swift in Sources */,
				600101C923C0C11D001BE72E /* SceneDelegate.swift in Sources */,
				608E0821244F937B00E8FB9B /* GFFollowerItemInfoViewController.swift in Sources */,
				60BA890B23C5284F00956831 /* GFError.swift in Sources */,
				600BC9E123CBCB7300814DAE /* UIHelper.swift in Sources */,
				4DCAD7F12458DBE300669C45 /* GFDataLoadingViewController.swift in Sources */,
				60BA890823C3BF6800956831 /* NetworkManager.swift in Sources */,
				600101E123C0CF06001BE72E /* GFTextField.swift in Sources */,
				60FE5B29244F97BF00F4CDE9 /* Date+Ext.swift in Sources */,
				60365B9E23C39D7B0026CC34 /* GFBodyLabel.swift in Sources */,
				602B23FD23EDA2BE00130573 /* GFItemInfoView.swift in Sources */,
				60601DF4244267A300F20B28 /* GFItemInfoViewController.swift in Sources */,
				602B23F723EC494200130573 /* GFUserInfoHeaderViewController.swift in Sources */,
				602B23FB23EC4FE700130573 /* Constants.swift in Sources */,
				6007B61F24524C520018FED1 /* GFTabBarController.swift in Sources */,
			);
			runOnlyForDeploymentPostprocessing = 0;
		};
/* End PBXSourcesBuildPhase section */

/* Begin PBXVariantGroup section */
		600101D123C0C122001BE72E /* LaunchScreen.storyboard */ = {
			isa = PBXVariantGroup;
			children = (
				600101D223C0C122001BE72E /* Base */,
			);
			name = LaunchScreen.storyboard;
			sourceTree = "<group>";
		};
/* End PBXVariantGroup section */

/* Begin XCBuildConfiguration section */
		600101D523C0C122001BE72E /* Debug */ = {
			isa = XCBuildConfiguration;
			buildSettings = {
				ALWAYS_SEARCH_USER_PATHS = NO;
				CLANG_ANALYZER_NONNULL = YES;
				CLANG_ANALYZER_NUMBER_OBJECT_CONVERSION = YES_AGGRESSIVE;
				CLANG_CXX_LANGUAGE_STANDARD = "gnu++14";
				CLANG_CXX_LIBRARY = "libc++";
				CLANG_ENABLE_MODULES = YES;
				CLANG_ENABLE_OBJC_ARC = YES;
				CLANG_ENABLE_OBJC_WEAK = YES;
				CLANG_WARN_BLOCK_CAPTURE_AUTORELEASING = YES;
				CLANG_WARN_BOOL_CONVERSION = YES;
				CLANG_WARN_COMMA = YES;
				CLANG_WARN_CONSTANT_CONVERSION = YES;
				CLANG_WARN_DEPRECATED_OBJC_IMPLEMENTATIONS = YES;
				CLANG_WARN_DIRECT_OBJC_ISA_USAGE = YES_ERROR;
				CLANG_WARN_DOCUMENTATION_COMMENTS = YES;
				CLANG_WARN_EMPTY_BODY = YES;
				CLANG_WARN_ENUM_CONVERSION = YES;
				CLANG_WARN_INFINITE_RECURSION = YES;
				CLANG_WARN_INT_CONVERSION = YES;
				CLANG_WARN_NON_LITERAL_NULL_CONVERSION = YES;
				CLANG_WARN_OBJC_IMPLICIT_RETAIN_SELF = YES;
				CLANG_WARN_OBJC_LITERAL_CONVERSION = YES;
				CLANG_WARN_OBJC_ROOT_CLASS = YES_ERROR;
				CLANG_WARN_RANGE_LOOP_ANALYSIS = YES;
				CLANG_WARN_STRICT_PROTOTYPES = YES;
				CLANG_WARN_SUSPICIOUS_MOVE = YES;
				CLANG_WARN_UNGUARDED_AVAILABILITY = YES_AGGRESSIVE;
				CLANG_WARN_UNREACHABLE_CODE = YES;
				CLANG_WARN__DUPLICATE_METHOD_MATCH = YES;
				COPY_PHASE_STRIP = NO;
				DEBUG_INFORMATION_FORMAT = dwarf;
				ENABLE_STRICT_OBJC_MSGSEND = YES;
				ENABLE_TESTABILITY = YES;
				GCC_C_LANGUAGE_STANDARD = gnu11;
				GCC_DYNAMIC_NO_PIC = NO;
				GCC_NO_COMMON_BLOCKS = YES;
				GCC_OPTIMIZATION_LEVEL = 0;
				GCC_PREPROCESSOR_DEFINITIONS = (
					"DEBUG=1",
					"$(inherited)",
				);
				GCC_WARN_64_TO_32_BIT_CONVERSION = YES;
				GCC_WARN_ABOUT_RETURN_TYPE = YES_ERROR;
				GCC_WARN_UNDECLARED_SELECTOR = YES;
				GCC_WARN_UNINITIALIZED_AUTOS = YES_AGGRESSIVE;
				GCC_WARN_UNUSED_FUNCTION = YES;
				GCC_WARN_UNUSED_VARIABLE = YES;
				IPHONEOS_DEPLOYMENT_TARGET = 13.2;
				MTL_ENABLE_DEBUG_INFO = INCLUDE_SOURCE;
				MTL_FAST_MATH = YES;
				ONLY_ACTIVE_ARCH = YES;
				SDKROOT = iphoneos;
				SWIFT_ACTIVE_COMPILATION_CONDITIONS = DEBUG;
				SWIFT_OPTIMIZATION_LEVEL = "-Onone";
			};
			name = Debug;
		};
		600101D623C0C122001BE72E /* Release */ = {
			isa = XCBuildConfiguration;
			buildSettings = {
				ALWAYS_SEARCH_USER_PATHS = NO;
				CLANG_ANALYZER_NONNULL = YES;
				CLANG_ANALYZER_NUMBER_OBJECT_CONVERSION = YES_AGGRESSIVE;
				CLANG_CXX_LANGUAGE_STANDARD = "gnu++14";
				CLANG_CXX_LIBRARY = "libc++";
				CLANG_ENABLE_MODULES = YES;
				CLANG_ENABLE_OBJC_ARC = YES;
				CLANG_ENABLE_OBJC_WEAK = YES;
				CLANG_WARN_BLOCK_CAPTURE_AUTORELEASING = YES;
				CLANG_WARN_BOOL_CONVERSION = YES;
				CLANG_WARN_COMMA = YES;
				CLANG_WARN_CONSTANT_CONVERSION = YES;
				CLANG_WARN_DEPRECATED_OBJC_IMPLEMENTATIONS = YES;
				CLANG_WARN_DIRECT_OBJC_ISA_USAGE = YES_ERROR;
				CLANG_WARN_DOCUMENTATION_COMMENTS = YES;
				CLANG_WARN_EMPTY_BODY = YES;
				CLANG_WARN_ENUM_CONVERSION = YES;
				CLANG_WARN_INFINITE_RECURSION = YES;
				CLANG_WARN_INT_CONVERSION = YES;
				CLANG_WARN_NON_LITERAL_NULL_CONVERSION = YES;
				CLANG_WARN_OBJC_IMPLICIT_RETAIN_SELF = YES;
				CLANG_WARN_OBJC_LITERAL_CONVERSION = YES;
				CLANG_WARN_OBJC_ROOT_CLASS = YES_ERROR;
				CLANG_WARN_RANGE_LOOP_ANALYSIS = YES;
				CLANG_WARN_STRICT_PROTOTYPES = YES;
				CLANG_WARN_SUSPICIOUS_MOVE = YES;
				CLANG_WARN_UNGUARDED_AVAILABILITY = YES_AGGRESSIVE;
				CLANG_WARN_UNREACHABLE_CODE = YES;
				CLANG_WARN__DUPLICATE_METHOD_MATCH = YES;
				COPY_PHASE_STRIP = NO;
				DEBUG_INFORMATION_FORMAT = "dwarf-with-dsym";
				ENABLE_NS_ASSERTIONS = NO;
				ENABLE_STRICT_OBJC_MSGSEND = YES;
				GCC_C_LANGUAGE_STANDARD = gnu11;
				GCC_NO_COMMON_BLOCKS = YES;
				GCC_WARN_64_TO_32_BIT_CONVERSION = YES;
				GCC_WARN_ABOUT_RETURN_TYPE = YES_ERROR;
				GCC_WARN_UNDECLARED_SELECTOR = YES;
				GCC_WARN_UNINITIALIZED_AUTOS = YES_AGGRESSIVE;
				GCC_WARN_UNUSED_FUNCTION = YES;
				GCC_WARN_UNUSED_VARIABLE = YES;
				IPHONEOS_DEPLOYMENT_TARGET = 13.2;
				MTL_ENABLE_DEBUG_INFO = NO;
				MTL_FAST_MATH = YES;
				SDKROOT = iphoneos;
				SWIFT_COMPILATION_MODE = wholemodule;
				SWIFT_OPTIMIZATION_LEVEL = "-O";
				VALIDATE_PRODUCT = YES;
			};
			name = Release;
		};
		600101D823C0C122001BE72E /* Debug */ = {
			isa = XCBuildConfiguration;
			buildSettings = {
				ASSETCATALOG_COMPILER_APPICON_NAME = AppIcon;
				CODE_SIGN_STYLE = Automatic;
				DEVELOPMENT_TEAM = 663QR7K9Y6;
				INFOPLIST_FILE = "github-followers/Info.plist";
				LD_RUNPATH_SEARCH_PATHS = (
					"$(inherited)",
					"@executable_path/Frameworks",
				);
				PRODUCT_BUNDLE_IDENTIFIER = "com.fvaliavko.github-followers";
				PRODUCT_NAME = "$(TARGET_NAME)";
				SWIFT_VERSION = 5.0;
				TARGETED_DEVICE_FAMILY = 1;
			};
			name = Debug;
		};
		600101D923C0C122001BE72E /* Release */ = {
			isa = XCBuildConfiguration;
			buildSettings = {
				ASSETCATALOG_COMPILER_APPICON_NAME = AppIcon;
				CODE_SIGN_STYLE = Automatic;
				DEVELOPMENT_TEAM = 663QR7K9Y6;
				INFOPLIST_FILE = "github-followers/Info.plist";
				LD_RUNPATH_SEARCH_PATHS = (
					"$(inherited)",
					"@executable_path/Frameworks",
				);
				PRODUCT_BUNDLE_IDENTIFIER = "com.fvaliavko.github-followers";
				PRODUCT_NAME = "$(TARGET_NAME)";
				SWIFT_VERSION = 5.0;
				TARGETED_DEVICE_FAMILY = 1;
			};
			name = Release;
		};
/* End XCBuildConfiguration section */

/* Begin XCConfigurationList section */
		600101BE23C0C11D001BE72E /* Build configuration list for PBXProject "github-followers" */ = {
			isa = XCConfigurationList;
			buildConfigurations = (
				600101D523C0C122001BE72E /* Debug */,
				600101D623C0C122001BE72E /* Release */,
			);
			defaultConfigurationIsVisible = 0;
			defaultConfigurationName = Release;
		};
		600101D723C0C122001BE72E /* Build configuration list for PBXNativeTarget "github-followers" */ = {
			isa = XCConfigurationList;
			buildConfigurations = (
				600101D823C0C122001BE72E /* Debug */,
				600101D923C0C122001BE72E /* Release */,
			);
			defaultConfigurationIsVisible = 0;
			defaultConfigurationName = Release;
		};
/* End XCConfigurationList section */
	};
	rootObject = 600101BB23C0C11D001BE72E /* Project object */;
}
